
Microsoft Visual Studio Solution File, Format Version 12.00
# Visual Studio Version 17
VisualStudioVersion = 17.1.32421.90
MinimumVisualStudioVersion = 10.0.40219.1
Project("{FAE04EC0-301F-11D3-BF4B-00C04F79EFBC}") = "ProcSuspendResume", "ProcSuspendResume\ProcSuspendResume.csproj", "{B8DFD3DD-DB26-4BA7-8B7B-8D082AF0ED7D}"
EndProject
Global
	GlobalSection(SolutionConfigurationPlatforms) = preSolution
		Debug|Any CPU = Debug|Any CPU
		Release|Any CPU = Release|Any CPU
	EndGlobalSection
	GlobalSection(ProjectConfigurationPlatforms) = postSolution
		{B8DFD3DD-DB26-4BA7-8B7B-8D082AF0ED7D}.Debug|Any CPU.ActiveCfg = Debug|Any CPU
		{B8DFD3DD-DB26-4BA7-8B7B-8D082AF0ED7D}.Debug|Any CPU.Build.0 = Debug|Any CPU
		{B8DFD3DD-DB26-4BA7-8B7B-8D082AF0ED7D}.Release|Any CPU.ActiveCfg = Release|Any CPU
		{B8DFD3DD-DB26-4BA7-8B7B-8D082AF0ED7D}.Release|Any CPU.Build.0 = Release|Any CPU
	EndGlobalSection
	GlobalSection(SolutionProperties) = preSolution
		HideSolutionNode = FALSE
	EndGlobalSection
	GlobalSection(ExtensibilityGlobals) = postSolution
		SolutionGuid = {2712D0D2-E530-4484-AAA0-5BD251F5C467}
	EndGlobalSection
EndGlobal
